
Microsoft Visual Studio Solution File, Format Version 12.00
# Visual Studio 14
VisualStudioVersion = 14.0.25420.1
MinimumVisualStudioVersion = 10.0.40219.1
Project("{2150E333-8FDC-42A3-9474-1A3956D46DE8}") = "Solution Items", "Solution Items", "{AA6D0B86-96FF-4212-A871-85AAC38BA9A8}"
EndProject
Project("{FAE04EC0-301F-11D3-BF4B-00C04F79EFBC}") = "FujitsuSDKOld", "FujitsuSDKOld\FujitsuSDKOld.csproj", "{2B93607F-5DC6-493C-A62A-8D5B3F813EF4}"
EndProject
Project("{FAE04EC0-301F-11D3-BF4B-00C04F79EFBC}") = "FujitsuSDKNew", "FujitsuSDKNew\FujitsuSDKNew.csproj", "{1D33CD7B-13EA-4534-83E9-40D07478EAAD}"
EndProject
Project("{FAE04EC0-301F-11D3-BF4B-00C04F79EFBC}") = "Customer", "Customer\Customer.csproj", "{E19F979A-366B-4195-974F-DC54EF1A6645}"
EndProject
Project("{2150E333-8FDC-42A3-9474-1A3956D46DE8}") = "WorkingSample", "WorkingSample", "{0F79F59B-0BAF-47D1-A2C5-CEDD9D41160A}"
EndProject
Project("{FAE04EC0-301F-11D3-BF4B-00C04F79EFBC}") = "CreateMappings", "CreateMappingsC\CreateMappings.csproj", "{1C52DF0C-67FD-4A54-9160-732FF0A5143F}"
EndProject
Project("{FAE04EC0-301F-11D3-BF4B-00C04F79EFBC}") = "NamespaceRefactorer", "NamespaceRefactorerC\NamespaceRefactorer.csproj", "{5C2E2338-E81A-4223-B26B-BEDD64B2DF88}"
EndProject
Project("{FAE04EC0-301F-11D3-BF4B-00C04F79EFBC}") = "CreateMappingsTests", "CreateMappingsTests1\CreateMappingsTests.csproj", "{29A68EDF-D5B4-4DAC-AE3E-3A01112BCF9B}"
EndProject
Project("{FAE04EC0-301F-11D3-BF4B-00C04F79EFBC}") = "UnitTestProject1", "UnitTestProject1\UnitTestProject1.csproj", "{92C6F12A-DE3E-4D59-A952-4D22753139E2}"
EndProject
Project("{FAE04EC0-301F-11D3-BF4B-00C04F79EFBC}") = "TransformClient", "TransformClient2\TransformClient.csproj", "{7375D960-5EE1-4D1B-B668-7B2093E02B7A}"
EndProject
Global
	GlobalSection(SolutionConfigurationPlatforms) = preSolution
		Debug|Any CPU = Debug|Any CPU
		Debug|x86 = Debug|x86
		Release|Any CPU = Release|Any CPU
		Release|x86 = Release|x86
	EndGlobalSection
	GlobalSection(ProjectConfigurationPlatforms) = postSolution
		{2B93607F-5DC6-493C-A62A-8D5B3F813EF4}.Debug|Any CPU.ActiveCfg = Debug|Any CPU
		{2B93607F-5DC6-493C-A62A-8D5B3F813EF4}.Debug|Any CPU.Build.0 = Debug|Any CPU
		{2B93607F-5DC6-493C-A62A-8D5B3F813EF4}.Debug|x86.ActiveCfg = Debug|Any CPU
		{2B93607F-5DC6-493C-A62A-8D5B3F813EF4}.Debug|x86.Build.0 = Debug|Any CPU
		{2B93607F-5DC6-493C-A62A-8D5B3F813EF4}.Release|Any CPU.ActiveCfg = Release|Any CPU
		{2B93607F-5DC6-493C-A62A-8D5B3F813EF4}.Release|Any CPU.Build.0 = Release|Any CPU
		{2B93607F-5DC6-493C-A62A-8D5B3F813EF4}.Release|x86.ActiveCfg = Release|Any CPU
		{2B93607F-5DC6-493C-A62A-8D5B3F813EF4}.Release|x86.Build.0 = Release|Any CPU
		{1D33CD7B-13EA-4534-83E9-40D07478EAAD}.Debug|Any CPU.ActiveCfg = Debug|Any CPU
		{1D33CD7B-13EA-4534-83E9-40D07478EAAD}.Debug|Any CPU.Build.0 = Debug|Any CPU
		{1D33CD7B-13EA-4534-83E9-40D07478EAAD}.Debug|x86.ActiveCfg = Debug|Any CPU
		{1D33CD7B-13EA-4534-83E9-40D07478EAAD}.Debug|x86.Build.0 = Debug|Any CPU
		{1D33CD7B-13EA-4534-83E9-40D07478EAAD}.Release|Any CPU.ActiveCfg = Release|Any CPU
		{1D33CD7B-13EA-4534-83E9-40D07478EAAD}.Release|Any CPU.Build.0 = Release|Any CPU
		{1D33CD7B-13EA-4534-83E9-40D07478EAAD}.Release|x86.ActiveCfg = Release|Any CPU
		{1D33CD7B-13EA-4534-83E9-40D07478EAAD}.Release|x86.Build.0 = Release|Any CPU
		{E19F979A-366B-4195-974F-DC54EF1A6645}.Debug|Any CPU.ActiveCfg = Debug|Any CPU
		{E19F979A-366B-4195-974F-DC54EF1A6645}.Debug|Any CPU.Build.0 = Debug|Any CPU
		{E19F979A-366B-4195-974F-DC54EF1A6645}.Debug|x86.ActiveCfg = Debug|Any CPU
		{E19F979A-366B-4195-974F-DC54EF1A6645}.Debug|x86.Build.0 = Debug|Any CPU
		{E19F979A-366B-4195-974F-DC54EF1A6645}.Release|Any CPU.ActiveCfg = Release|Any CPU
		{E19F979A-366B-4195-974F-DC54EF1A6645}.Release|Any CPU.Build.0 = Release|Any CPU
		{E19F979A-366B-4195-974F-DC54EF1A6645}.Release|x86.ActiveCfg = Release|Any CPU
		{E19F979A-366B-4195-974F-DC54EF1A6645}.Release|x86.Build.0 = Release|Any CPU
		{1C52DF0C-67FD-4A54-9160-732FF0A5143F}.Debug|Any CPU.ActiveCfg = Debug|Any CPU
		{1C52DF0C-67FD-4A54-9160-732FF0A5143F}.Debug|Any CPU.Build.0 = Debug|Any CPU
		{1C52DF0C-67FD-4A54-9160-732FF0A5143F}.Debug|x86.ActiveCfg = Debug|Any CPU
		{1C52DF0C-67FD-4A54-9160-732FF0A5143F}.Debug|x86.Build.0 = Debug|Any CPU
		{1C52DF0C-67FD-4A54-9160-732FF0A5143F}.Release|Any CPU.ActiveCfg = Release|Any CPU
		{1C52DF0C-67FD-4A54-9160-732FF0A5143F}.Release|Any CPU.Build.0 = Release|Any CPU
		{1C52DF0C-67FD-4A54-9160-732FF0A5143F}.Release|x86.ActiveCfg = Release|Any CPU
		{1C52DF0C-67FD-4A54-9160-732FF0A5143F}.Release|x86.Build.0 = Release|Any CPU
		{5C2E2338-E81A-4223-B26B-BEDD64B2DF88}.Debug|Any CPU.ActiveCfg = Debug|Any CPU
		{5C2E2338-E81A-4223-B26B-BEDD64B2DF88}.Debug|Any CPU.Build.0 = Debug|Any CPU
		{5C2E2338-E81A-4223-B26B-BEDD64B2DF88}.Debug|x86.ActiveCfg = Debug|Any CPU
		{5C2E2338-E81A-4223-B26B-BEDD64B2DF88}.Debug|x86.Build.0 = Debug|Any CPU
		{5C2E2338-E81A-4223-B26B-BEDD64B2DF88}.Release|Any CPU.ActiveCfg = Release|Any CPU
		{5C2E2338-E81A-4223-B26B-BEDD64B2DF88}.Release|Any CPU.Build.0 = Release|Any CPU
		{5C2E2338-E81A-4223-B26B-BEDD64B2DF88}.Release|x86.ActiveCfg = Release|Any CPU
		{5C2E2338-E81A-4223-B26B-BEDD64B2DF88}.Release|x86.Build.0 = Release|Any CPU
		{29A68EDF-D5B4-4DAC-AE3E-3A01112BCF9B}.Debug|Any CPU.ActiveCfg = Debug|Any CPU
		{29A68EDF-D5B4-4DAC-AE3E-3A01112BCF9B}.Debug|Any CPU.Build.0 = Debug|Any CPU
		{29A68EDF-D5B4-4DAC-AE3E-3A01112BCF9B}.Debug|x86.ActiveCfg = Debug|Any CPU
		{29A68EDF-D5B4-4DAC-AE3E-3A01112BCF9B}.Debug|x86.Build.0 = Debug|Any CPU
		{29A68EDF-D5B4-4DAC-AE3E-3A01112BCF9B}.Release|Any CPU.ActiveCfg = Release|Any CPU
		{29A68EDF-D5B4-4DAC-AE3E-3A01112BCF9B}.Release|Any CPU.Build.0 = Release|Any CPU
		{29A68EDF-D5B4-4DAC-AE3E-3A01112BCF9B}.Release|x86.ActiveCfg = Release|Any CPU
		{29A68EDF-D5B4-4DAC-AE3E-3A01112BCF9B}.Release|x86.Build.0 = Release|Any CPU
		{92C6F12A-DE3E-4D59-A952-4D22753139E2}.Debug|Any CPU.ActiveCfg = Debug|Any CPU
		{92C6F12A-DE3E-4D59-A952-4D22753139E2}.Debug|Any CPU.Build.0 = Debug|Any CPU
		{92C6F12A-DE3E-4D59-A952-4D22753139E2}.Debug|x86.ActiveCfg = Debug|Any CPU
		{92C6F12A-DE3E-4D59-A952-4D22753139E2}.Debug|x86.Build.0 = Debug|Any CPU
		{92C6F12A-DE3E-4D59-A952-4D22753139E2}.Release|Any CPU.ActiveCfg = Release|Any CPU
		{92C6F12A-DE3E-4D59-A952-4D22753139E2}.Release|Any CPU.Build.0 = Release|Any CPU
		{92C6F12A-DE3E-4D59-A952-4D22753139E2}.Release|x86.ActiveCfg = Release|Any CPU
		{92C6F12A-DE3E-4D59-A952-4D22753139E2}.Release|x86.Build.0 = Release|Any CPU
		{7375D960-5EE1-4D1B-B668-7B2093E02B7A}.Debug|Any CPU.ActiveCfg = Debug|x86
		{7375D960-5EE1-4D1B-B668-7B2093E02B7A}.Debug|x86.ActiveCfg = Debug|x86
		{7375D960-5EE1-4D1B-B668-7B2093E02B7A}.Debug|x86.Build.0 = Debug|x86
		{7375D960-5EE1-4D1B-B668-7B2093E02B7A}.Release|Any CPU.ActiveCfg = Release|x86
		{7375D960-5EE1-4D1B-B668-7B2093E02B7A}.Release|x86.ActiveCfg = Release|x86
		{7375D960-5EE1-4D1B-B668-7B2093E02B7A}.Release|x86.Build.0 = Release|x86
	EndGlobalSection
	GlobalSection(SolutionProperties) = preSolution
		HideSolutionNode = FALSE
	EndGlobalSection
	GlobalSection(NestedProjects) = preSolution
		{2B93607F-5DC6-493C-A62A-8D5B3F813EF4} = {0F79F59B-0BAF-47D1-A2C5-CEDD9D41160A}
		{1D33CD7B-13EA-4534-83E9-40D07478EAAD} = {0F79F59B-0BAF-47D1-A2C5-CEDD9D41160A}
		{E19F979A-366B-4195-974F-DC54EF1A6645} = {0F79F59B-0BAF-47D1-A2C5-CEDD9D41160A}
	EndGlobalSection
EndGlobal
