
Microsoft Visual Studio Solution File, Format Version 12.00
# Visual Studio 14
VisualStudioVersion = 14.0.25420.1
MinimumVisualStudioVersion = 10.0.40219.1
Project("{2150E333-8FDC-42A3-9474-1A3956D46DE8}") = "Solution Items", "Solution Items", "{AA6D0B86-96FF-4212-A871-85AAC38BA9A8}"
EndProject
Project("{FAE04EC0-301F-11D3-BF4B-00C04F79EFBC}") = "Testing", "UnitTestProject1\Testing.csproj", "{92C6F12A-DE3E-4D59-A952-4D22753139E2}"
EndProject
Project("{FAE04EC0-301F-11D3-BF4B-00C04F79EFBC}") = "DBConnector", "DBConnector\DBConnector.csproj", "{FDF3CC16-26A0-47CE-A129-4A06F829DB12}"
EndProject
Project("{FAE04EC0-301F-11D3-BF4B-00C04F79EFBC}") = "TransformClient", "TransformClient\TransformClient.csproj", "{7375D960-5EE1-4D1B-B668-7B2093E02B7A}"
EndProject
Project("{FAE04EC0-301F-11D3-BF4B-00C04F79EFBC}") = "CreateMappings", "CreateMappings\CreateMappings.csproj", "{1C52DF0C-67FD-4A54-9160-732FF0A5143F}"
EndProject
Project("{FAE04EC0-301F-11D3-BF4B-00C04F79EFBC}") = "EFSQLConnector", "EFSQLConnector\EFSQLConnector.csproj", "{F0EEFBE4-328E-4CB9-A99E-9205F6A84E5A}"
EndProject
Global
	GlobalSection(SolutionConfigurationPlatforms) = preSolution
		CreateMappingsRun2|Any CPU = CreateMappingsRun2|Any CPU
		CreateMappingsRun2|ARM = CreateMappingsRun2|ARM
		CreateMappingsRun2|x64 = CreateMappingsRun2|x64
		CreateMappingsRun2|x86 = CreateMappingsRun2|x86
		Debug|Any CPU = Debug|Any CPU
		Debug|ARM = Debug|ARM
		Debug|x64 = Debug|x64
		Debug|x86 = Debug|x86
		Release|Any CPU = Release|Any CPU
		Release|ARM = Release|ARM
		Release|x64 = Release|x64
		Release|x86 = Release|x86
	EndGlobalSection
	GlobalSection(ProjectConfigurationPlatforms) = postSolution
		{92C6F12A-DE3E-4D59-A952-4D22753139E2}.CreateMappingsRun2|Any CPU.ActiveCfg = CreateMappingsRun2|Any CPU
		{92C6F12A-DE3E-4D59-A952-4D22753139E2}.CreateMappingsRun2|Any CPU.Build.0 = CreateMappingsRun2|Any CPU
		{92C6F12A-DE3E-4D59-A952-4D22753139E2}.CreateMappingsRun2|ARM.ActiveCfg = CreateMappingsRun2|Any CPU
		{92C6F12A-DE3E-4D59-A952-4D22753139E2}.CreateMappingsRun2|ARM.Build.0 = CreateMappingsRun2|Any CPU
		{92C6F12A-DE3E-4D59-A952-4D22753139E2}.CreateMappingsRun2|x64.ActiveCfg = CreateMappingsRun2|Any CPU
		{92C6F12A-DE3E-4D59-A952-4D22753139E2}.CreateMappingsRun2|x64.Build.0 = CreateMappingsRun2|Any CPU
		{92C6F12A-DE3E-4D59-A952-4D22753139E2}.CreateMappingsRun2|x86.ActiveCfg = CreateMappingsRun2|Any CPU
		{92C6F12A-DE3E-4D59-A952-4D22753139E2}.CreateMappingsRun2|x86.Build.0 = CreateMappingsRun2|Any CPU
		{92C6F12A-DE3E-4D59-A952-4D22753139E2}.Debug|Any CPU.ActiveCfg = DebugExecutables|Any CPU
		{92C6F12A-DE3E-4D59-A952-4D22753139E2}.Debug|Any CPU.Build.0 = DebugExecutables|Any CPU
		{92C6F12A-DE3E-4D59-A952-4D22753139E2}.Debug|ARM.ActiveCfg = Debug|Any CPU
		{92C6F12A-DE3E-4D59-A952-4D22753139E2}.Debug|ARM.Build.0 = Debug|Any CPU
		{92C6F12A-DE3E-4D59-A952-4D22753139E2}.Debug|x64.ActiveCfg = Debug|Any CPU
		{92C6F12A-DE3E-4D59-A952-4D22753139E2}.Debug|x64.Build.0 = Debug|Any CPU
		{92C6F12A-DE3E-4D59-A952-4D22753139E2}.Debug|x86.ActiveCfg = Debug|Any CPU
		{92C6F12A-DE3E-4D59-A952-4D22753139E2}.Debug|x86.Build.0 = Debug|Any CPU
		{92C6F12A-DE3E-4D59-A952-4D22753139E2}.Release|Any CPU.ActiveCfg = Release|Any CPU
		{92C6F12A-DE3E-4D59-A952-4D22753139E2}.Release|Any CPU.Build.0 = Release|Any CPU
		{92C6F12A-DE3E-4D59-A952-4D22753139E2}.Release|ARM.ActiveCfg = Release|Any CPU
		{92C6F12A-DE3E-4D59-A952-4D22753139E2}.Release|ARM.Build.0 = Release|Any CPU
		{92C6F12A-DE3E-4D59-A952-4D22753139E2}.Release|x64.ActiveCfg = Release|Any CPU
		{92C6F12A-DE3E-4D59-A952-4D22753139E2}.Release|x64.Build.0 = Release|Any CPU
		{92C6F12A-DE3E-4D59-A952-4D22753139E2}.Release|x86.ActiveCfg = Release|Any CPU
		{92C6F12A-DE3E-4D59-A952-4D22753139E2}.Release|x86.Build.0 = Release|Any CPU
		{FDF3CC16-26A0-47CE-A129-4A06F829DB12}.CreateMappingsRun2|Any CPU.ActiveCfg = CreateMappingsRun2|Any CPU
		{FDF3CC16-26A0-47CE-A129-4A06F829DB12}.CreateMappingsRun2|Any CPU.Build.0 = CreateMappingsRun2|Any CPU
		{FDF3CC16-26A0-47CE-A129-4A06F829DB12}.CreateMappingsRun2|ARM.ActiveCfg = CreateMappingsRun2|Any CPU
		{FDF3CC16-26A0-47CE-A129-4A06F829DB12}.CreateMappingsRun2|ARM.Build.0 = CreateMappingsRun2|Any CPU
		{FDF3CC16-26A0-47CE-A129-4A06F829DB12}.CreateMappingsRun2|x64.ActiveCfg = CreateMappingsRun2|Any CPU
		{FDF3CC16-26A0-47CE-A129-4A06F829DB12}.CreateMappingsRun2|x64.Build.0 = CreateMappingsRun2|Any CPU
		{FDF3CC16-26A0-47CE-A129-4A06F829DB12}.CreateMappingsRun2|x86.ActiveCfg = CreateMappingsRun2|Any CPU
		{FDF3CC16-26A0-47CE-A129-4A06F829DB12}.CreateMappingsRun2|x86.Build.0 = CreateMappingsRun2|Any CPU
		{FDF3CC16-26A0-47CE-A129-4A06F829DB12}.Debug|Any CPU.ActiveCfg = Debug|Any CPU
		{FDF3CC16-26A0-47CE-A129-4A06F829DB12}.Debug|Any CPU.Build.0 = Debug|Any CPU
		{FDF3CC16-26A0-47CE-A129-4A06F829DB12}.Debug|ARM.ActiveCfg = Debug|Any CPU
		{FDF3CC16-26A0-47CE-A129-4A06F829DB12}.Debug|ARM.Build.0 = Debug|Any CPU
		{FDF3CC16-26A0-47CE-A129-4A06F829DB12}.Debug|x64.ActiveCfg = Debug|Any CPU
		{FDF3CC16-26A0-47CE-A129-4A06F829DB12}.Debug|x64.Build.0 = Debug|Any CPU
		{FDF3CC16-26A0-47CE-A129-4A06F829DB12}.Debug|x86.ActiveCfg = Debug|Any CPU
		{FDF3CC16-26A0-47CE-A129-4A06F829DB12}.Debug|x86.Build.0 = Debug|Any CPU
		{FDF3CC16-26A0-47CE-A129-4A06F829DB12}.Release|Any CPU.ActiveCfg = Release|Any CPU
		{FDF3CC16-26A0-47CE-A129-4A06F829DB12}.Release|Any CPU.Build.0 = Release|Any CPU
		{FDF3CC16-26A0-47CE-A129-4A06F829DB12}.Release|ARM.ActiveCfg = Release|Any CPU
		{FDF3CC16-26A0-47CE-A129-4A06F829DB12}.Release|ARM.Build.0 = Release|Any CPU
		{FDF3CC16-26A0-47CE-A129-4A06F829DB12}.Release|x64.ActiveCfg = Release|Any CPU
		{FDF3CC16-26A0-47CE-A129-4A06F829DB12}.Release|x64.Build.0 = Release|Any CPU
		{FDF3CC16-26A0-47CE-A129-4A06F829DB12}.Release|x86.ActiveCfg = Release|Any CPU
		{FDF3CC16-26A0-47CE-A129-4A06F829DB12}.Release|x86.Build.0 = Release|Any CPU
		{7375D960-5EE1-4D1B-B668-7B2093E02B7A}.CreateMappingsRun2|Any CPU.ActiveCfg = CreateMappingsRun2|x86
		{7375D960-5EE1-4D1B-B668-7B2093E02B7A}.CreateMappingsRun2|ARM.ActiveCfg = CreateMappingsRun2|x86
		{7375D960-5EE1-4D1B-B668-7B2093E02B7A}.CreateMappingsRun2|x64.ActiveCfg = CreateMappingsRun2|x86
		{7375D960-5EE1-4D1B-B668-7B2093E02B7A}.CreateMappingsRun2|x86.ActiveCfg = CreateMappingsRun2|x86
		{7375D960-5EE1-4D1B-B668-7B2093E02B7A}.CreateMappingsRun2|x86.Build.0 = CreateMappingsRun2|x86
		{7375D960-5EE1-4D1B-B668-7B2093E02B7A}.Debug|Any CPU.ActiveCfg = Debug|x86
		{7375D960-5EE1-4D1B-B668-7B2093E02B7A}.Debug|ARM.ActiveCfg = Debug|x86
		{7375D960-5EE1-4D1B-B668-7B2093E02B7A}.Debug|x64.ActiveCfg = Debug|x86
		{7375D960-5EE1-4D1B-B668-7B2093E02B7A}.Debug|x86.ActiveCfg = Debug|x86
		{7375D960-5EE1-4D1B-B668-7B2093E02B7A}.Debug|x86.Build.0 = Debug|x86
		{7375D960-5EE1-4D1B-B668-7B2093E02B7A}.Release|Any CPU.ActiveCfg = Release|x86
		{7375D960-5EE1-4D1B-B668-7B2093E02B7A}.Release|ARM.ActiveCfg = Release|x86
		{7375D960-5EE1-4D1B-B668-7B2093E02B7A}.Release|x64.ActiveCfg = Release|x86
		{7375D960-5EE1-4D1B-B668-7B2093E02B7A}.Release|x86.ActiveCfg = Release|x86
		{7375D960-5EE1-4D1B-B668-7B2093E02B7A}.Release|x86.Build.0 = Release|x86
		{1C52DF0C-67FD-4A54-9160-732FF0A5143F}.CreateMappingsRun2|Any CPU.ActiveCfg = CreateMappingsRun2|Any CPU
		{1C52DF0C-67FD-4A54-9160-732FF0A5143F}.CreateMappingsRun2|Any CPU.Build.0 = CreateMappingsRun2|Any CPU
		{1C52DF0C-67FD-4A54-9160-732FF0A5143F}.CreateMappingsRun2|ARM.ActiveCfg = CreateMappingsRun2|Any CPU
		{1C52DF0C-67FD-4A54-9160-732FF0A5143F}.CreateMappingsRun2|ARM.Build.0 = CreateMappingsRun2|Any CPU
		{1C52DF0C-67FD-4A54-9160-732FF0A5143F}.CreateMappingsRun2|x64.ActiveCfg = CreateMappingsRun2|Any CPU
		{1C52DF0C-67FD-4A54-9160-732FF0A5143F}.CreateMappingsRun2|x64.Build.0 = CreateMappingsRun2|Any CPU
		{1C52DF0C-67FD-4A54-9160-732FF0A5143F}.CreateMappingsRun2|x86.ActiveCfg = CreateMappingsRun2|Any CPU
		{1C52DF0C-67FD-4A54-9160-732FF0A5143F}.CreateMappingsRun2|x86.Build.0 = CreateMappingsRun2|Any CPU
		{1C52DF0C-67FD-4A54-9160-732FF0A5143F}.Debug|Any CPU.ActiveCfg = Debug|Any CPU
		{1C52DF0C-67FD-4A54-9160-732FF0A5143F}.Debug|Any CPU.Build.0 = Debug|Any CPU
		{1C52DF0C-67FD-4A54-9160-732FF0A5143F}.Debug|ARM.ActiveCfg = Debug|Any CPU
		{1C52DF0C-67FD-4A54-9160-732FF0A5143F}.Debug|ARM.Build.0 = Debug|Any CPU
		{1C52DF0C-67FD-4A54-9160-732FF0A5143F}.Debug|x64.ActiveCfg = Debug|Any CPU
		{1C52DF0C-67FD-4A54-9160-732FF0A5143F}.Debug|x64.Build.0 = Debug|Any CPU
		{1C52DF0C-67FD-4A54-9160-732FF0A5143F}.Debug|x86.ActiveCfg = Debug|Any CPU
		{1C52DF0C-67FD-4A54-9160-732FF0A5143F}.Debug|x86.Build.0 = Debug|Any CPU
		{1C52DF0C-67FD-4A54-9160-732FF0A5143F}.Release|Any CPU.ActiveCfg = Release|Any CPU
		{1C52DF0C-67FD-4A54-9160-732FF0A5143F}.Release|Any CPU.Build.0 = Release|Any CPU
		{1C52DF0C-67FD-4A54-9160-732FF0A5143F}.Release|ARM.ActiveCfg = Release|Any CPU
		{1C52DF0C-67FD-4A54-9160-732FF0A5143F}.Release|ARM.Build.0 = Release|Any CPU
		{1C52DF0C-67FD-4A54-9160-732FF0A5143F}.Release|x64.ActiveCfg = Release|Any CPU
		{1C52DF0C-67FD-4A54-9160-732FF0A5143F}.Release|x64.Build.0 = Release|Any CPU
		{1C52DF0C-67FD-4A54-9160-732FF0A5143F}.Release|x86.ActiveCfg = Release|Any CPU
		{1C52DF0C-67FD-4A54-9160-732FF0A5143F}.Release|x86.Build.0 = Release|Any CPU
		{F0EEFBE4-328E-4CB9-A99E-9205F6A84E5A}.CreateMappingsRun2|Any CPU.ActiveCfg = Release|Any CPU
		{F0EEFBE4-328E-4CB9-A99E-9205F6A84E5A}.CreateMappingsRun2|Any CPU.Build.0 = Release|Any CPU
		{F0EEFBE4-328E-4CB9-A99E-9205F6A84E5A}.CreateMappingsRun2|ARM.ActiveCfg = Debug|Any CPU
		{F0EEFBE4-328E-4CB9-A99E-9205F6A84E5A}.CreateMappingsRun2|ARM.Build.0 = Debug|Any CPU
		{F0EEFBE4-328E-4CB9-A99E-9205F6A84E5A}.CreateMappingsRun2|x64.ActiveCfg = Debug|Any CPU
		{F0EEFBE4-328E-4CB9-A99E-9205F6A84E5A}.CreateMappingsRun2|x64.Build.0 = Debug|Any CPU
		{F0EEFBE4-328E-4CB9-A99E-9205F6A84E5A}.CreateMappingsRun2|x86.ActiveCfg = Release|Any CPU
		{F0EEFBE4-328E-4CB9-A99E-9205F6A84E5A}.CreateMappingsRun2|x86.Build.0 = Release|Any CPU
		{F0EEFBE4-328E-4CB9-A99E-9205F6A84E5A}.Debug|Any CPU.ActiveCfg = Debug|Any CPU
		{F0EEFBE4-328E-4CB9-A99E-9205F6A84E5A}.Debug|Any CPU.Build.0 = Debug|Any CPU
		{F0EEFBE4-328E-4CB9-A99E-9205F6A84E5A}.Debug|ARM.ActiveCfg = Debug|Any CPU
		{F0EEFBE4-328E-4CB9-A99E-9205F6A84E5A}.Debug|ARM.Build.0 = Debug|Any CPU
		{F0EEFBE4-328E-4CB9-A99E-9205F6A84E5A}.Debug|x64.ActiveCfg = Debug|Any CPU
		{F0EEFBE4-328E-4CB9-A99E-9205F6A84E5A}.Debug|x64.Build.0 = Debug|Any CPU
		{F0EEFBE4-328E-4CB9-A99E-9205F6A84E5A}.Debug|x86.ActiveCfg = Debug|Any CPU
		{F0EEFBE4-328E-4CB9-A99E-9205F6A84E5A}.Debug|x86.Build.0 = Debug|Any CPU
		{F0EEFBE4-328E-4CB9-A99E-9205F6A84E5A}.Release|Any CPU.ActiveCfg = Release|Any CPU
		{F0EEFBE4-328E-4CB9-A99E-9205F6A84E5A}.Release|Any CPU.Build.0 = Release|Any CPU
		{F0EEFBE4-328E-4CB9-A99E-9205F6A84E5A}.Release|ARM.ActiveCfg = Release|Any CPU
		{F0EEFBE4-328E-4CB9-A99E-9205F6A84E5A}.Release|ARM.Build.0 = Release|Any CPU
		{F0EEFBE4-328E-4CB9-A99E-9205F6A84E5A}.Release|x64.ActiveCfg = Release|Any CPU
		{F0EEFBE4-328E-4CB9-A99E-9205F6A84E5A}.Release|x64.Build.0 = Release|Any CPU
		{F0EEFBE4-328E-4CB9-A99E-9205F6A84E5A}.Release|x86.ActiveCfg = Release|Any CPU
		{F0EEFBE4-328E-4CB9-A99E-9205F6A84E5A}.Release|x86.Build.0 = Release|Any CPU
	EndGlobalSection
	GlobalSection(SolutionProperties) = preSolution
		HideSolutionNode = FALSE
	EndGlobalSection
EndGlobal
