
Microsoft Visual Studio Solution File, Format Version 12.00
# Visual Studio 14
VisualStudioVersion = 14.0.25420.1
MinimumVisualStudioVersion = 10.0.40219.1
Project("{2150E333-8FDC-42A3-9474-1A3956D46DE8}") = "Solution Items", "Solution Items", "{AA6D0B86-96FF-4212-A871-85AAC38BA9A8}"
EndProject
Project("{FAE04EC0-301F-11D3-BF4B-00C04F79EFBC}") = "FujitsuSDKOld", "FujitsuSDKOld\FujitsuSDKOld.csproj", "{2B93607F-5DC6-493C-A62A-8D5B3F813EF4}"
EndProject
Project("{FAE04EC0-301F-11D3-BF4B-00C04F79EFBC}") = "FujitsuSDKNew", "FujitsuSDKNew\FujitsuSDKNew.csproj", "{1D33CD7B-13EA-4534-83E9-40D07478EAAD}"
EndProject
Project("{FAE04EC0-301F-11D3-BF4B-00C04F79EFBC}") = "Customer", "Customer\Customer.csproj", "{E19F979A-366B-4195-974F-DC54EF1A6645}"
EndProject
Project("{FAE04EC0-301F-11D3-BF4B-00C04F79EFBC}") = "NamespaceRefactorer", "NamespaceRefactorer\NamespaceRefactorer.csproj", "{D023C7EE-09CE-42B4-BCC6-4EC0383316DE}"
EndProject
Global
	GlobalSection(SolutionConfigurationPlatforms) = preSolution
		Debug|Any CPU = Debug|Any CPU
		Debug|x86 = Debug|x86
		Release|Any CPU = Release|Any CPU
		Release|x86 = Release|x86
	EndGlobalSection
	GlobalSection(ProjectConfigurationPlatforms) = postSolution
		{2B93607F-5DC6-493C-A62A-8D5B3F813EF4}.Debug|Any CPU.ActiveCfg = Debug|Any CPU
		{2B93607F-5DC6-493C-A62A-8D5B3F813EF4}.Debug|Any CPU.Build.0 = Debug|Any CPU
		{2B93607F-5DC6-493C-A62A-8D5B3F813EF4}.Debug|x86.ActiveCfg = Debug|Any CPU
		{2B93607F-5DC6-493C-A62A-8D5B3F813EF4}.Debug|x86.Build.0 = Debug|Any CPU
		{2B93607F-5DC6-493C-A62A-8D5B3F813EF4}.Release|Any CPU.ActiveCfg = Release|Any CPU
		{2B93607F-5DC6-493C-A62A-8D5B3F813EF4}.Release|Any CPU.Build.0 = Release|Any CPU
		{2B93607F-5DC6-493C-A62A-8D5B3F813EF4}.Release|x86.ActiveCfg = Release|Any CPU
		{2B93607F-5DC6-493C-A62A-8D5B3F813EF4}.Release|x86.Build.0 = Release|Any CPU
		{1D33CD7B-13EA-4534-83E9-40D07478EAAD}.Debug|Any CPU.ActiveCfg = Debug|Any CPU
		{1D33CD7B-13EA-4534-83E9-40D07478EAAD}.Debug|Any CPU.Build.0 = Debug|Any CPU
		{1D33CD7B-13EA-4534-83E9-40D07478EAAD}.Debug|x86.ActiveCfg = Debug|Any CPU
		{1D33CD7B-13EA-4534-83E9-40D07478EAAD}.Debug|x86.Build.0 = Debug|Any CPU
		{1D33CD7B-13EA-4534-83E9-40D07478EAAD}.Release|Any CPU.ActiveCfg = Release|Any CPU
		{1D33CD7B-13EA-4534-83E9-40D07478EAAD}.Release|Any CPU.Build.0 = Release|Any CPU
		{1D33CD7B-13EA-4534-83E9-40D07478EAAD}.Release|x86.ActiveCfg = Release|Any CPU
		{1D33CD7B-13EA-4534-83E9-40D07478EAAD}.Release|x86.Build.0 = Release|Any CPU
		{E19F979A-366B-4195-974F-DC54EF1A6645}.Debug|Any CPU.ActiveCfg = Debug|Any CPU
		{E19F979A-366B-4195-974F-DC54EF1A6645}.Debug|Any CPU.Build.0 = Debug|Any CPU
		{E19F979A-366B-4195-974F-DC54EF1A6645}.Debug|x86.ActiveCfg = Debug|Any CPU
		{E19F979A-366B-4195-974F-DC54EF1A6645}.Debug|x86.Build.0 = Debug|Any CPU
		{E19F979A-366B-4195-974F-DC54EF1A6645}.Release|Any CPU.ActiveCfg = Release|Any CPU
		{E19F979A-366B-4195-974F-DC54EF1A6645}.Release|Any CPU.Build.0 = Release|Any CPU
		{E19F979A-366B-4195-974F-DC54EF1A6645}.Release|x86.ActiveCfg = Release|Any CPU
		{E19F979A-366B-4195-974F-DC54EF1A6645}.Release|x86.Build.0 = Release|Any CPU
		{D023C7EE-09CE-42B4-BCC6-4EC0383316DE}.Debug|Any CPU.ActiveCfg = Debug|x86
		{D023C7EE-09CE-42B4-BCC6-4EC0383316DE}.Debug|x86.ActiveCfg = Debug|x86
		{D023C7EE-09CE-42B4-BCC6-4EC0383316DE}.Debug|x86.Build.0 = Debug|x86
		{D023C7EE-09CE-42B4-BCC6-4EC0383316DE}.Release|Any CPU.ActiveCfg = Release|x86
		{D023C7EE-09CE-42B4-BCC6-4EC0383316DE}.Release|x86.ActiveCfg = Release|x86
		{D023C7EE-09CE-42B4-BCC6-4EC0383316DE}.Release|x86.Build.0 = Release|x86
	EndGlobalSection
	GlobalSection(SolutionProperties) = preSolution
		HideSolutionNode = FALSE
	EndGlobalSection
EndGlobal
