
Microsoft Visual Studio Solution File, Format Version 12.00
# Visual Studio 14
VisualStudioVersion = 14.0.25420.1
MinimumVisualStudioVersion = 10.0.40219.1
Project("{FAE04EC0-301F-11D3-BF4B-00C04F79EFBC}") = "SDK", "SDK\SDK.csproj", "{81079E89-5A65-4EA2-AB5B-D4EBAAD46878}"
EndProject
Project("{FAE04EC0-301F-11D3-BF4B-00C04F79EFBC}") = "SecondProject", "SecondProject\SecondProject.csproj", "{3C980977-5068-4448-8E5E-F416117E86DE}"
EndProject
Global
	GlobalSection(SolutionConfigurationPlatforms) = preSolution
		Debug|Any CPU = Debug|Any CPU
		Release|Any CPU = Release|Any CPU
	EndGlobalSection
	GlobalSection(ProjectConfigurationPlatforms) = postSolution
		{81079E89-5A65-4EA2-AB5B-D4EBAAD46878}.Debug|Any CPU.ActiveCfg = Debug|Any CPU
		{81079E89-5A65-4EA2-AB5B-D4EBAAD46878}.Debug|Any CPU.Build.0 = Debug|Any CPU
		{81079E89-5A65-4EA2-AB5B-D4EBAAD46878}.Release|Any CPU.ActiveCfg = Release|Any CPU
		{81079E89-5A65-4EA2-AB5B-D4EBAAD46878}.Release|Any CPU.Build.0 = Release|Any CPU
		{3C980977-5068-4448-8E5E-F416117E86DE}.Debug|Any CPU.ActiveCfg = Debug|Any CPU
		{3C980977-5068-4448-8E5E-F416117E86DE}.Debug|Any CPU.Build.0 = Debug|Any CPU
		{3C980977-5068-4448-8E5E-F416117E86DE}.Release|Any CPU.ActiveCfg = Release|Any CPU
		{3C980977-5068-4448-8E5E-F416117E86DE}.Release|Any CPU.Build.0 = Release|Any CPU
	EndGlobalSection
	GlobalSection(SolutionProperties) = preSolution
		HideSolutionNode = FALSE
	EndGlobalSection
EndGlobal
